
Microsoft Visual Studio Solution File, Format Version 12.00
# Visual Studio Version 16
VisualStudioVersion = 16.0.31019.35
MinimumVisualStudioVersion = 10.0.40219.1
Project("{FAE04EC0-301F-11D3-BF4B-00C04F79EFBC}") = "AulaFormulario", "AulaFormulario\AulaFormulario.csproj", "{C9527872-F990-43EB-9998-73F4B382099C}"
EndProject
Global
	GlobalSection(SolutionConfigurationPlatforms) = preSolution
		Debug|Any CPU = Debug|Any CPU
		Release|Any CPU = Release|Any CPU
	EndGlobalSection
	GlobalSection(ProjectConfigurationPlatforms) = postSolution
		{C9527872-F990-43EB-9998-73F4B382099C}.Debug|Any CPU.ActiveCfg = Debug|Any CPU
		{C9527872-F990-43EB-9998-73F4B382099C}.Debug|Any CPU.Build.0 = Debug|Any CPU
		{C9527872-F990-43EB-9998-73F4B382099C}.Release|Any CPU.ActiveCfg = Release|Any CPU
		{C9527872-F990-43EB-9998-73F4B382099C}.Release|Any CPU.Build.0 = Release|Any CPU
	EndGlobalSection
	GlobalSection(SolutionProperties) = preSolution
		HideSolutionNode = FALSE
	EndGlobalSection
	GlobalSection(ExtensibilityGlobals) = postSolution
		SolutionGuid = {58D17804-2B14-427F-B2EF-A73CB7E1BFD0}
	EndGlobalSection
EndGlobal
