
Microsoft Visual Studio Solution File, Format Version 12.00
# Visual Studio Version 16
VisualStudioVersion = 16.0.31019.35
MinimumVisualStudioVersion = 10.0.40219.1
Project("{FAE04EC0-301F-11D3-BF4B-00C04F79EFBC}") = "diasdasemana", "diasdasemana\diasdasemana.csproj", "{DB848347-9BC2-4394-97B4-0F2A5FBD3E88}"
EndProject
Global
	GlobalSection(SolutionConfigurationPlatforms) = preSolution
		Debug|Any CPU = Debug|Any CPU
		Release|Any CPU = Release|Any CPU
	EndGlobalSection
	GlobalSection(ProjectConfigurationPlatforms) = postSolution
		{DB848347-9BC2-4394-97B4-0F2A5FBD3E88}.Debug|Any CPU.ActiveCfg = Debug|Any CPU
		{DB848347-9BC2-4394-97B4-0F2A5FBD3E88}.Debug|Any CPU.Build.0 = Debug|Any CPU
		{DB848347-9BC2-4394-97B4-0F2A5FBD3E88}.Release|Any CPU.ActiveCfg = Release|Any CPU
		{DB848347-9BC2-4394-97B4-0F2A5FBD3E88}.Release|Any CPU.Build.0 = Release|Any CPU
	EndGlobalSection
	GlobalSection(SolutionProperties) = preSolution
		HideSolutionNode = FALSE
	EndGlobalSection
	GlobalSection(ExtensibilityGlobals) = postSolution
		SolutionGuid = {B3D6C40E-836B-40DA-8BCE-B81468A36BA8}
	EndGlobalSection
EndGlobal
